
Microsoft Visual Studio Solution File, Format Version 12.00
# Visual Studio 15
VisualStudioVersion = 15.0.26403.3
MinimumVisualStudioVersion = 10.0.40219.1
Project("{FAE04EC0-301F-11D3-BF4B-00C04F79EFBC}") = "Darker.Files", "Darker.Files\Darker.Files.csproj", "{0DAE31AA-9491-43A7-AED2-1ADF7811D94A}"
EndProject
Project("{FAE04EC0-301F-11D3-BF4B-00C04F79EFBC}") = "Darker.Files.Windows", "Darker.Files.Windows\Darker.Files.Windows.csproj", "{CCF30077-4BB6-434B-AB44-548DCE0D3201}"
EndProject
Project("{FAE04EC0-301F-11D3-BF4B-00C04F79EFBC}") = "Darker.Files.Windows.Tests", "Darker.Files.Windows.Tests\Darker.Files.Windows.Tests.csproj", "{03420CF3-B8EA-4111-85B9-B2FBA895CB54}"
EndProject
Project("{2150E333-8FDC-42A3-9474-1A3956D46DE8}") = "FileSystem", "FileSystem", "{FBFE0BB7-46BE-407F-AAFE-38BB747FC2AD}"
EndProject
Project("{2150E333-8FDC-42A3-9474-1A3956D46DE8}") = "Serializing", "Serializing", "{ECC1AB39-7F78-40C0-B150-ABEE7903A5BB}"
EndProject
Project("{FAE04EC0-301F-11D3-BF4B-00C04F79EFBC}") = "Darker.Serializing", "Darker.Serializing\Darker.Serializing.csproj", "{ABC74CFC-750D-4443-8DB7-1B7BEFD8B17A}"
EndProject
Project("{FAE04EC0-301F-11D3-BF4B-00C04F79EFBC}") = "Darker.Serializing.Json", "Darker.Serializing.Json\Darker.Serializing.Json.csproj", "{B422C847-3665-4461-9514-CECDAE24C23C}"
EndProject
Project("{FAE04EC0-301F-11D3-BF4B-00C04F79EFBC}") = "Darker.Serializing.Json.Tests", "Darker.Serializing.Json.Tests\Darker.Serializing.Json.Tests.csproj", "{3FAB8B71-9E31-40F8-B0C4-42148E53CB38}"
EndProject
Project("{2150E333-8FDC-42A3-9474-1A3956D46DE8}") = "Persistance", "Persistance", "{A2306FD0-7F82-49C3-A180-457EC52F1137}"
EndProject
Project("{FAE04EC0-301F-11D3-BF4B-00C04F79EFBC}") = "Darker.Persistance", "Darker.Persistance\Darker.Persistance.csproj", "{68A3BD13-8EEC-4FA5-BAFE-ABE5924D9E1A}"
EndProject
Project("{FAE04EC0-301F-11D3-BF4B-00C04F79EFBC}") = "Darker.TextFilePersistance", "Darker.TextFilePersistance\Darker.TextFilePersistance.csproj", "{5D722EF9-7127-4DCC-8B6D-B38ABDE98620}"
EndProject
Project("{2150E333-8FDC-42A3-9474-1A3956D46DE8}") = "FEATURETESTS", "FEATURETESTS", "{E0136FC2-FCEA-4F17-BB22-5D3843871131}"
EndProject
Project("{FAE04EC0-301F-11D3-BF4B-00C04F79EFBC}") = "Darker.UI.Persistance", "Darker.UI.Persistance\Darker.UI.Persistance.csproj", "{C4EA7C06-9C8B-42F8-A62E-27E027EB4C05}"
EndProject
Project("{2150E333-8FDC-42A3-9474-1A3956D46DE8}") = "Apis", "Apis", "{34E0D5F7-DB4B-4302-8448-4E7253D881FD}"
EndProject
Project("{FAE04EC0-301F-11D3-BF4B-00C04F79EFBC}") = "Darker.Restful", "Darker.Restful\Darker.Restful.csproj", "{90C4BECE-96BC-417D-91C6-6601D03F42A2}"
EndProject
Project("{FAE04EC0-301F-11D3-BF4B-00C04F79EFBC}") = "Darker.TvDb", "Darker.TvDb\Darker.TvDb.csproj", "{F98263E5-B00D-4BA7-818D-FAB2D10C9291}"
EndProject
Project("{2150E333-8FDC-42A3-9474-1A3956D46DE8}") = "TvShows", "TvShows", "{E98F7A07-BD88-483E-BE61-6550817909A9}"
EndProject
Project("{FAE04EC0-301F-11D3-BF4B-00C04F79EFBC}") = "Darker.Tv", "Darker.Tv\Darker.Tv.csproj", "{DE841ED0-1D39-4195-9C03-09414ACD2DEF}"
EndProject
Project("{2150E333-8FDC-42A3-9474-1A3956D46DE8}") = "Overwatch", "Overwatch", "{DB140BC1-1B7E-4F85-B138-A8D3D85388F7}"
EndProject
Project("{FAE04EC0-301F-11D3-BF4B-00C04F79EFBC}") = "Darker.OWAPI", "Darker.OWAPI\Darker.OWAPI.csproj", "{61F64456-DB36-4473-AFDE-C9D8565034D6}"
EndProject
Project("{FAE04EC0-301F-11D3-BF4B-00C04F79EFBC}") = "Darker.UI", "Darker.UI\Darker.UI.csproj", "{EFC30AAE-640D-4C11-9556-E9B1D7216981}"
EndProject
Project("{FAE04EC0-301F-11D3-BF4B-00C04F79EFBC}") = "Darker.OverwatchApi", "Darker.OverwatchApi\Darker.OverwatchApi.csproj", "{4B67A2E4-5434-4394-8359-2B6E73D1ADA5}"
EndProject
Project("{2150E333-8FDC-42A3-9474-1A3956D46DE8}") = "Comics", "Comics", "{01FCCD26-91EF-4D2F-B1B3-C4CC4F56252D}"
EndProject
Project("{FAE04EC0-301F-11D3-BF4B-00C04F79EFBC}") = "Darker.WebComics", "Darker.WebComics\Darker.WebComics.csproj", "{EC3C8C15-DA65-4220-996B-CC3A8688F11A}"
EndProject
Project("{FAE04EC0-301F-11D3-BF4B-00C04F79EFBC}") = "Darker.Scrapy.Tests", "Darker.Scrapy.Tests\Darker.Scrapy.Tests.csproj", "{579E5AFF-183E-4970-A0A4-D8E9B53CACA8}"
EndProject
Project("{FAE04EC0-301F-11D3-BF4B-00C04F79EFBC}") = "Darker.ComicScraper", "Darker.ComicScraper\Darker.ComicScraper.csproj", "{E92D2984-C0E7-43A6-B506-35A2412BF7DA}"
EndProject
Global
	GlobalSection(SolutionConfigurationPlatforms) = preSolution
		Debug|Any CPU = Debug|Any CPU
		Release|Any CPU = Release|Any CPU
	EndGlobalSection
	GlobalSection(ProjectConfigurationPlatforms) = postSolution
		{0DAE31AA-9491-43A7-AED2-1ADF7811D94A}.Debug|Any CPU.ActiveCfg = Debug|Any CPU
		{0DAE31AA-9491-43A7-AED2-1ADF7811D94A}.Debug|Any CPU.Build.0 = Debug|Any CPU
		{0DAE31AA-9491-43A7-AED2-1ADF7811D94A}.Release|Any CPU.ActiveCfg = Release|Any CPU
		{0DAE31AA-9491-43A7-AED2-1ADF7811D94A}.Release|Any CPU.Build.0 = Release|Any CPU
		{CCF30077-4BB6-434B-AB44-548DCE0D3201}.Debug|Any CPU.ActiveCfg = Debug|Any CPU
		{CCF30077-4BB6-434B-AB44-548DCE0D3201}.Debug|Any CPU.Build.0 = Debug|Any CPU
		{CCF30077-4BB6-434B-AB44-548DCE0D3201}.Release|Any CPU.ActiveCfg = Release|Any CPU
		{CCF30077-4BB6-434B-AB44-548DCE0D3201}.Release|Any CPU.Build.0 = Release|Any CPU
		{03420CF3-B8EA-4111-85B9-B2FBA895CB54}.Debug|Any CPU.ActiveCfg = Debug|Any CPU
		{03420CF3-B8EA-4111-85B9-B2FBA895CB54}.Debug|Any CPU.Build.0 = Debug|Any CPU
		{03420CF3-B8EA-4111-85B9-B2FBA895CB54}.Release|Any CPU.ActiveCfg = Release|Any CPU
		{03420CF3-B8EA-4111-85B9-B2FBA895CB54}.Release|Any CPU.Build.0 = Release|Any CPU
		{ABC74CFC-750D-4443-8DB7-1B7BEFD8B17A}.Debug|Any CPU.ActiveCfg = Debug|Any CPU
		{ABC74CFC-750D-4443-8DB7-1B7BEFD8B17A}.Debug|Any CPU.Build.0 = Debug|Any CPU
		{ABC74CFC-750D-4443-8DB7-1B7BEFD8B17A}.Release|Any CPU.ActiveCfg = Release|Any CPU
		{ABC74CFC-750D-4443-8DB7-1B7BEFD8B17A}.Release|Any CPU.Build.0 = Release|Any CPU
		{B422C847-3665-4461-9514-CECDAE24C23C}.Debug|Any CPU.ActiveCfg = Debug|Any CPU
		{B422C847-3665-4461-9514-CECDAE24C23C}.Debug|Any CPU.Build.0 = Debug|Any CPU
		{B422C847-3665-4461-9514-CECDAE24C23C}.Release|Any CPU.ActiveCfg = Release|Any CPU
		{B422C847-3665-4461-9514-CECDAE24C23C}.Release|Any CPU.Build.0 = Release|Any CPU
		{3FAB8B71-9E31-40F8-B0C4-42148E53CB38}.Debug|Any CPU.ActiveCfg = Debug|Any CPU
		{3FAB8B71-9E31-40F8-B0C4-42148E53CB38}.Debug|Any CPU.Build.0 = Debug|Any CPU
		{3FAB8B71-9E31-40F8-B0C4-42148E53CB38}.Release|Any CPU.ActiveCfg = Release|Any CPU
		{3FAB8B71-9E31-40F8-B0C4-42148E53CB38}.Release|Any CPU.Build.0 = Release|Any CPU
		{68A3BD13-8EEC-4FA5-BAFE-ABE5924D9E1A}.Debug|Any CPU.ActiveCfg = Debug|Any CPU
		{68A3BD13-8EEC-4FA5-BAFE-ABE5924D9E1A}.Debug|Any CPU.Build.0 = Debug|Any CPU
		{68A3BD13-8EEC-4FA5-BAFE-ABE5924D9E1A}.Release|Any CPU.ActiveCfg = Release|Any CPU
		{68A3BD13-8EEC-4FA5-BAFE-ABE5924D9E1A}.Release|Any CPU.Build.0 = Release|Any CPU
		{5D722EF9-7127-4DCC-8B6D-B38ABDE98620}.Debug|Any CPU.ActiveCfg = Debug|Any CPU
		{5D722EF9-7127-4DCC-8B6D-B38ABDE98620}.Debug|Any CPU.Build.0 = Debug|Any CPU
		{5D722EF9-7127-4DCC-8B6D-B38ABDE98620}.Release|Any CPU.ActiveCfg = Release|Any CPU
		{5D722EF9-7127-4DCC-8B6D-B38ABDE98620}.Release|Any CPU.Build.0 = Release|Any CPU
		{C4EA7C06-9C8B-42F8-A62E-27E027EB4C05}.Debug|Any CPU.ActiveCfg = Debug|Any CPU
		{C4EA7C06-9C8B-42F8-A62E-27E027EB4C05}.Debug|Any CPU.Build.0 = Debug|Any CPU
		{C4EA7C06-9C8B-42F8-A62E-27E027EB4C05}.Release|Any CPU.ActiveCfg = Release|Any CPU
		{C4EA7C06-9C8B-42F8-A62E-27E027EB4C05}.Release|Any CPU.Build.0 = Release|Any CPU
		{90C4BECE-96BC-417D-91C6-6601D03F42A2}.Debug|Any CPU.ActiveCfg = Debug|Any CPU
		{90C4BECE-96BC-417D-91C6-6601D03F42A2}.Debug|Any CPU.Build.0 = Debug|Any CPU
		{90C4BECE-96BC-417D-91C6-6601D03F42A2}.Release|Any CPU.ActiveCfg = Release|Any CPU
		{90C4BECE-96BC-417D-91C6-6601D03F42A2}.Release|Any CPU.Build.0 = Release|Any CPU
		{F98263E5-B00D-4BA7-818D-FAB2D10C9291}.Debug|Any CPU.ActiveCfg = Debug|Any CPU
		{F98263E5-B00D-4BA7-818D-FAB2D10C9291}.Debug|Any CPU.Build.0 = Debug|Any CPU
		{F98263E5-B00D-4BA7-818D-FAB2D10C9291}.Release|Any CPU.ActiveCfg = Release|Any CPU
		{F98263E5-B00D-4BA7-818D-FAB2D10C9291}.Release|Any CPU.Build.0 = Release|Any CPU
		{DE841ED0-1D39-4195-9C03-09414ACD2DEF}.Debug|Any CPU.ActiveCfg = Debug|Any CPU
		{DE841ED0-1D39-4195-9C03-09414ACD2DEF}.Debug|Any CPU.Build.0 = Debug|Any CPU
		{DE841ED0-1D39-4195-9C03-09414ACD2DEF}.Release|Any CPU.ActiveCfg = Release|Any CPU
		{DE841ED0-1D39-4195-9C03-09414ACD2DEF}.Release|Any CPU.Build.0 = Release|Any CPU
		{61F64456-DB36-4473-AFDE-C9D8565034D6}.Debug|Any CPU.ActiveCfg = Debug|Any CPU
		{61F64456-DB36-4473-AFDE-C9D8565034D6}.Debug|Any CPU.Build.0 = Debug|Any CPU
		{61F64456-DB36-4473-AFDE-C9D8565034D6}.Release|Any CPU.ActiveCfg = Release|Any CPU
		{61F64456-DB36-4473-AFDE-C9D8565034D6}.Release|Any CPU.Build.0 = Release|Any CPU
		{EFC30AAE-640D-4C11-9556-E9B1D7216981}.Debug|Any CPU.ActiveCfg = Debug|Any CPU
		{EFC30AAE-640D-4C11-9556-E9B1D7216981}.Debug|Any CPU.Build.0 = Debug|Any CPU
		{EFC30AAE-640D-4C11-9556-E9B1D7216981}.Release|Any CPU.ActiveCfg = Release|Any CPU
		{EFC30AAE-640D-4C11-9556-E9B1D7216981}.Release|Any CPU.Build.0 = Release|Any CPU
		{4B67A2E4-5434-4394-8359-2B6E73D1ADA5}.Debug|Any CPU.ActiveCfg = Debug|Any CPU
		{4B67A2E4-5434-4394-8359-2B6E73D1ADA5}.Debug|Any CPU.Build.0 = Debug|Any CPU
		{4B67A2E4-5434-4394-8359-2B6E73D1ADA5}.Release|Any CPU.ActiveCfg = Release|Any CPU
		{4B67A2E4-5434-4394-8359-2B6E73D1ADA5}.Release|Any CPU.Build.0 = Release|Any CPU
		{EC3C8C15-DA65-4220-996B-CC3A8688F11A}.Debug|Any CPU.ActiveCfg = Debug|Any CPU
		{EC3C8C15-DA65-4220-996B-CC3A8688F11A}.Debug|Any CPU.Build.0 = Debug|Any CPU
		{EC3C8C15-DA65-4220-996B-CC3A8688F11A}.Release|Any CPU.ActiveCfg = Release|Any CPU
		{EC3C8C15-DA65-4220-996B-CC3A8688F11A}.Release|Any CPU.Build.0 = Release|Any CPU
		{579E5AFF-183E-4970-A0A4-D8E9B53CACA8}.Debug|Any CPU.ActiveCfg = Debug|Any CPU
		{579E5AFF-183E-4970-A0A4-D8E9B53CACA8}.Debug|Any CPU.Build.0 = Debug|Any CPU
		{579E5AFF-183E-4970-A0A4-D8E9B53CACA8}.Release|Any CPU.ActiveCfg = Release|Any CPU
		{579E5AFF-183E-4970-A0A4-D8E9B53CACA8}.Release|Any CPU.Build.0 = Release|Any CPU
		{E92D2984-C0E7-43A6-B506-35A2412BF7DA}.Debug|Any CPU.ActiveCfg = Debug|Any CPU
		{E92D2984-C0E7-43A6-B506-35A2412BF7DA}.Debug|Any CPU.Build.0 = Debug|Any CPU
		{E92D2984-C0E7-43A6-B506-35A2412BF7DA}.Release|Any CPU.ActiveCfg = Release|Any CPU
		{E92D2984-C0E7-43A6-B506-35A2412BF7DA}.Release|Any CPU.Build.0 = Release|Any CPU
	EndGlobalSection
	GlobalSection(SolutionProperties) = preSolution
		HideSolutionNode = FALSE
	EndGlobalSection
	GlobalSection(NestedProjects) = preSolution
		{0DAE31AA-9491-43A7-AED2-1ADF7811D94A} = {FBFE0BB7-46BE-407F-AAFE-38BB747FC2AD}
		{CCF30077-4BB6-434B-AB44-548DCE0D3201} = {FBFE0BB7-46BE-407F-AAFE-38BB747FC2AD}
		{03420CF3-B8EA-4111-85B9-B2FBA895CB54} = {FBFE0BB7-46BE-407F-AAFE-38BB747FC2AD}
		{ABC74CFC-750D-4443-8DB7-1B7BEFD8B17A} = {ECC1AB39-7F78-40C0-B150-ABEE7903A5BB}
		{B422C847-3665-4461-9514-CECDAE24C23C} = {ECC1AB39-7F78-40C0-B150-ABEE7903A5BB}
		{3FAB8B71-9E31-40F8-B0C4-42148E53CB38} = {ECC1AB39-7F78-40C0-B150-ABEE7903A5BB}
		{68A3BD13-8EEC-4FA5-BAFE-ABE5924D9E1A} = {A2306FD0-7F82-49C3-A180-457EC52F1137}
		{5D722EF9-7127-4DCC-8B6D-B38ABDE98620} = {A2306FD0-7F82-49C3-A180-457EC52F1137}
		{C4EA7C06-9C8B-42F8-A62E-27E027EB4C05} = {E0136FC2-FCEA-4F17-BB22-5D3843871131}
		{90C4BECE-96BC-417D-91C6-6601D03F42A2} = {34E0D5F7-DB4B-4302-8448-4E7253D881FD}
		{F98263E5-B00D-4BA7-818D-FAB2D10C9291} = {E98F7A07-BD88-483E-BE61-6550817909A9}
		{E98F7A07-BD88-483E-BE61-6550817909A9} = {34E0D5F7-DB4B-4302-8448-4E7253D881FD}
		{DE841ED0-1D39-4195-9C03-09414ACD2DEF} = {E98F7A07-BD88-483E-BE61-6550817909A9}
		{DB140BC1-1B7E-4F85-B138-A8D3D85388F7} = {34E0D5F7-DB4B-4302-8448-4E7253D881FD}
		{61F64456-DB36-4473-AFDE-C9D8565034D6} = {DB140BC1-1B7E-4F85-B138-A8D3D85388F7}
		{EFC30AAE-640D-4C11-9556-E9B1D7216981} = {E0136FC2-FCEA-4F17-BB22-5D3843871131}
		{4B67A2E4-5434-4394-8359-2B6E73D1ADA5} = {DB140BC1-1B7E-4F85-B138-A8D3D85388F7}
		{EC3C8C15-DA65-4220-996B-CC3A8688F11A} = {01FCCD26-91EF-4D2F-B1B3-C4CC4F56252D}
		{579E5AFF-183E-4970-A0A4-D8E9B53CACA8} = {01FCCD26-91EF-4D2F-B1B3-C4CC4F56252D}
		{E92D2984-C0E7-43A6-B506-35A2412BF7DA} = {01FCCD26-91EF-4D2F-B1B3-C4CC4F56252D}
	EndGlobalSection
EndGlobal
